
Microsoft Visual Studio Solution File, Format Version 12.00
# Visual Studio 15
VisualStudioVersion = 15.0.28307.1525
MinimumVisualStudioVersion = 10.0.40219.1
Project("{FAE04EC0-301F-11D3-BF4B-00C04F79EFBC}") = "AppQuantidade.Android", "AppQuantidade\AppQuantidade.Android\AppQuantidade.Android.csproj", "{968E594F-39F2-42A5-88F7-27E2E8D5397A}"
EndProject
Project("{FAE04EC0-301F-11D3-BF4B-00C04F79EFBC}") = "AppQuantidade.iOS", "AppQuantidade\AppQuantidade.iOS\AppQuantidade.iOS.csproj", "{B9D188F9-7698-4A3C-A8BA-640763E2A92F}"
EndProject
Project("{FAE04EC0-301F-11D3-BF4B-00C04F79EFBC}") = "AppQuantidade.UWP", "AppQuantidade\AppQuantidade.UWP\AppQuantidade.UWP.csproj", "{9349FFA1-9D6E-4FBF-B4D7-1BA984AC21AE}"
EndProject
Project("{FAE04EC0-301F-11D3-BF4B-00C04F79EFBC}") = "AppQuantidade", "AppQuantidade\AppQuantidade\AppQuantidade.csproj", "{FB584AB4-B046-4DB0-93B4-344337A296A4}"
EndProject
Global
	GlobalSection(SolutionConfigurationPlatforms) = preSolution
		Ad-Hoc|Any CPU = Ad-Hoc|Any CPU
		Ad-Hoc|ARM = Ad-Hoc|ARM
		Ad-Hoc|iPhone = Ad-Hoc|iPhone
		Ad-Hoc|iPhoneSimulator = Ad-Hoc|iPhoneSimulator
		Ad-Hoc|x64 = Ad-Hoc|x64
		Ad-Hoc|x86 = Ad-Hoc|x86
		AppStore|Any CPU = AppStore|Any CPU
		AppStore|ARM = AppStore|ARM
		AppStore|iPhone = AppStore|iPhone
		AppStore|iPhoneSimulator = AppStore|iPhoneSimulator
		AppStore|x64 = AppStore|x64
		AppStore|x86 = AppStore|x86
		Debug|Any CPU = Debug|Any CPU
		Debug|ARM = Debug|ARM
		Debug|iPhone = Debug|iPhone
		Debug|iPhoneSimulator = Debug|iPhoneSimulator
		Debug|x64 = Debug|x64
		Debug|x86 = Debug|x86
		Release|Any CPU = Release|Any CPU
		Release|ARM = Release|ARM
		Release|iPhone = Release|iPhone
		Release|iPhoneSimulator = Release|iPhoneSimulator
		Release|x64 = Release|x64
		Release|x86 = Release|x86
	EndGlobalSection
	GlobalSection(ProjectConfigurationPlatforms) = postSolution
		{968E594F-39F2-42A5-88F7-27E2E8D5397A}.Ad-Hoc|Any CPU.ActiveCfg = Release|Any CPU
		{968E594F-39F2-42A5-88F7-27E2E8D5397A}.Ad-Hoc|Any CPU.Build.0 = Release|Any CPU
		{968E594F-39F2-42A5-88F7-27E2E8D5397A}.Ad-Hoc|Any CPU.Deploy.0 = Release|Any CPU
		{968E594F-39F2-42A5-88F7-27E2E8D5397A}.Ad-Hoc|ARM.ActiveCfg = Release|Any CPU
		{968E594F-39F2-42A5-88F7-27E2E8D5397A}.Ad-Hoc|ARM.Build.0 = Release|Any CPU
		{968E594F-39F2-42A5-88F7-27E2E8D5397A}.Ad-Hoc|ARM.Deploy.0 = Release|Any CPU
		{968E594F-39F2-42A5-88F7-27E2E8D5397A}.Ad-Hoc|iPhone.ActiveCfg = Release|Any CPU
		{968E594F-39F2-42A5-88F7-27E2E8D5397A}.Ad-Hoc|iPhone.Build.0 = Release|Any CPU
		{968E594F-39F2-42A5-88F7-27E2E8D5397A}.Ad-Hoc|iPhone.Deploy.0 = Release|Any CPU
		{968E594F-39F2-42A5-88F7-27E2E8D5397A}.Ad-Hoc|iPhoneSimulator.ActiveCfg = Release|Any CPU
		{968E594F-39F2-42A5-88F7-27E2E8D5397A}.Ad-Hoc|iPhoneSimulator.Build.0 = Release|Any CPU
		{968E594F-39F2-42A5-88F7-27E2E8D5397A}.Ad-Hoc|iPhoneSimulator.Deploy.0 = Release|Any CPU
		{968E594F-39F2-42A5-88F7-27E2E8D5397A}.Ad-Hoc|x64.ActiveCfg = Release|Any CPU
		{968E594F-39F2-42A5-88F7-27E2E8D5397A}.Ad-Hoc|x64.Build.0 = Release|Any CPU
		{968E594F-39F2-42A5-88F7-27E2E8D5397A}.Ad-Hoc|x64.Deploy.0 = Release|Any CPU
		{968E594F-39F2-42A5-88F7-27E2E8D5397A}.Ad-Hoc|x86.ActiveCfg = Release|Any CPU
		{968E594F-39F2-42A5-88F7-27E2E8D5397A}.Ad-Hoc|x86.Build.0 = Release|Any CPU
		{968E594F-39F2-42A5-88F7-27E2E8D5397A}.Ad-Hoc|x86.Deploy.0 = Release|Any CPU
		{968E594F-39F2-42A5-88F7-27E2E8D5397A}.AppStore|Any CPU.ActiveCfg = Release|Any CPU
		{968E594F-39F2-42A5-88F7-27E2E8D5397A}.AppStore|Any CPU.Build.0 = Release|Any CPU
		{968E594F-39F2-42A5-88F7-27E2E8D5397A}.AppStore|Any CPU.Deploy.0 = Release|Any CPU
		{968E594F-39F2-42A5-88F7-27E2E8D5397A}.AppStore|ARM.ActiveCfg = Release|Any CPU
		{968E594F-39F2-42A5-88F7-27E2E8D5397A}.AppStore|ARM.Build.0 = Release|Any CPU
		{968E594F-39F2-42A5-88F7-27E2E8D5397A}.AppStore|ARM.Deploy.0 = Release|Any CPU
		{968E594F-39F2-42A5-88F7-27E2E8D5397A}.AppStore|iPhone.ActiveCfg = Release|Any CPU
		{968E594F-39F2-42A5-88F7-27E2E8D5397A}.AppStore|iPhone.Build.0 = Release|Any CPU
		{968E594F-39F2-42A5-88F7-27E2E8D5397A}.AppStore|iPhone.Deploy.0 = Release|Any CPU
		{968E594F-39F2-42A5-88F7-27E2E8D5397A}.AppStore|iPhoneSimulator.ActiveCfg = Release|Any CPU
		{968E594F-39F2-42A5-88F7-27E2E8D5397A}.AppStore|iPhoneSimulator.Build.0 = Release|Any CPU
		{968E594F-39F2-42A5-88F7-27E2E8D5397A}.AppStore|iPhoneSimulator.Deploy.0 = Release|Any CPU
		{968E594F-39F2-42A5-88F7-27E2E8D5397A}.AppStore|x64.ActiveCfg = Release|Any CPU
		{968E594F-39F2-42A5-88F7-27E2E8D5397A}.AppStore|x64.Build.0 = Release|Any CPU
		{968E594F-39F2-42A5-88F7-27E2E8D5397A}.AppStore|x64.Deploy.0 = Release|Any CPU
		{968E594F-39F2-42A5-88F7-27E2E8D5397A}.AppStore|x86.ActiveCfg = Release|Any CPU
		{968E594F-39F2-42A5-88F7-27E2E8D5397A}.AppStore|x86.Build.0 = Release|Any CPU
		{968E594F-39F2-42A5-88F7-27E2E8D5397A}.AppStore|x86.Deploy.0 = Release|Any CPU
		{968E594F-39F2-42A5-88F7-27E2E8D5397A}.Debug|Any CPU.ActiveCfg = Debug|Any CPU
		{968E594F-39F2-42A5-88F7-27E2E8D5397A}.Debug|Any CPU.Build.0 = Debug|Any CPU
		{968E594F-39F2-42A5-88F7-27E2E8D5397A}.Debug|Any CPU.Deploy.0 = Debug|Any CPU
		{968E594F-39F2-42A5-88F7-27E2E8D5397A}.Debug|ARM.ActiveCfg = Debug|Any CPU
		{968E594F-39F2-42A5-88F7-27E2E8D5397A}.Debug|ARM.Build.0 = Debug|Any CPU
		{968E594F-39F2-42A5-88F7-27E2E8D5397A}.Debug|ARM.Deploy.0 = Debug|Any CPU
		{968E594F-39F2-42A5-88F7-27E2E8D5397A}.Debug|iPhone.ActiveCfg = Debug|Any CPU
		{968E594F-39F2-42A5-88F7-27E2E8D5397A}.Debug|iPhone.Build.0 = Debug|Any CPU
		{968E594F-39F2-42A5-88F7-27E2E8D5397A}.Debug|iPhone.Deploy.0 = Debug|Any CPU
		{968E594F-39F2-42A5-88F7-27E2E8D5397A}.Debug|iPhoneSimulator.ActiveCfg = Debug|Any CPU
		{968E594F-39F2-42A5-88F7-27E2E8D5397A}.Debug|iPhoneSimulator.Build.0 = Debug|Any CPU
		{968E594F-39F2-42A5-88F7-27E2E8D5397A}.Debug|iPhoneSimulator.Deploy.0 = Debug|Any CPU
		{968E594F-39F2-42A5-88F7-27E2E8D5397A}.Debug|x64.ActiveCfg = Debug|Any CPU
		{968E594F-39F2-42A5-88F7-27E2E8D5397A}.Debug|x64.Build.0 = Debug|Any CPU
		{968E594F-39F2-42A5-88F7-27E2E8D5397A}.Debug|x64.Deploy.0 = Debug|Any CPU
		{968E594F-39F2-42A5-88F7-27E2E8D5397A}.Debug|x86.ActiveCfg = Debug|Any CPU
		{968E594F-39F2-42A5-88F7-27E2E8D5397A}.Debug|x86.Build.0 = Debug|Any CPU
		{968E594F-39F2-42A5-88F7-27E2E8D5397A}.Debug|x86.Deploy.0 = Debug|Any CPU
		{968E594F-39F2-42A5-88F7-27E2E8D5397A}.Release|Any CPU.ActiveCfg = Release|Any CPU
		{968E594F-39F2-42A5-88F7-27E2E8D5397A}.Release|Any CPU.Build.0 = Release|Any CPU
		{968E594F-39F2-42A5-88F7-27E2E8D5397A}.Release|Any CPU.Deploy.0 = Release|Any CPU
		{968E594F-39F2-42A5-88F7-27E2E8D5397A}.Release|ARM.ActiveCfg = Release|Any CPU
		{968E594F-39F2-42A5-88F7-27E2E8D5397A}.Release|ARM.Build.0 = Release|Any CPU
		{968E594F-39F2-42A5-88F7-27E2E8D5397A}.Release|ARM.Deploy.0 = Release|Any CPU
		{968E594F-39F2-42A5-88F7-27E2E8D5397A}.Release|iPhone.ActiveCfg = Release|Any CPU
		{968E594F-39F2-42A5-88F7-27E2E8D5397A}.Release|iPhone.Build.0 = Release|Any CPU
		{968E594F-39F2-42A5-88F7-27E2E8D5397A}.Release|iPhone.Deploy.0 = Release|Any CPU
		{968E594F-39F2-42A5-88F7-27E2E8D5397A}.Release|iPhoneSimulator.ActiveCfg = Release|Any CPU
		{968E594F-39F2-42A5-88F7-27E2E8D5397A}.Release|iPhoneSimulator.Build.0 = Release|Any CPU
		{968E594F-39F2-42A5-88F7-27E2E8D5397A}.Release|iPhoneSimulator.Deploy.0 = Release|Any CPU
		{968E594F-39F2-42A5-88F7-27E2E8D5397A}.Release|x64.ActiveCfg = Release|Any CPU
		{968E594F-39F2-42A5-88F7-27E2E8D5397A}.Release|x64.Build.0 = Release|Any CPU
		{968E594F-39F2-42A5-88F7-27E2E8D5397A}.Release|x64.Deploy.0 = Release|Any CPU
		{968E594F-39F2-42A5-88F7-27E2E8D5397A}.Release|x86.ActiveCfg = Release|Any CPU
		{968E594F-39F2-42A5-88F7-27E2E8D5397A}.Release|x86.Build.0 = Release|Any CPU
		{968E594F-39F2-42A5-88F7-27E2E8D5397A}.Release|x86.Deploy.0 = Release|Any CPU
		{B9D188F9-7698-4A3C-A8BA-640763E2A92F}.Ad-Hoc|Any CPU.ActiveCfg = Ad-Hoc|iPhone
		{B9D188F9-7698-4A3C-A8BA-640763E2A92F}.Ad-Hoc|Any CPU.Build.0 = Ad-Hoc|iPhone
		{B9D188F9-7698-4A3C-A8BA-640763E2A92F}.Ad-Hoc|Any CPU.Deploy.0 = Ad-Hoc|iPhone
		{B9D188F9-7698-4A3C-A8BA-640763E2A92F}.Ad-Hoc|ARM.ActiveCfg = Ad-Hoc|iPhone
		{B9D188F9-7698-4A3C-A8BA-640763E2A92F}.Ad-Hoc|ARM.Build.0 = Ad-Hoc|iPhone
		{B9D188F9-7698-4A3C-A8BA-640763E2A92F}.Ad-Hoc|ARM.Deploy.0 = Ad-Hoc|iPhone
		{B9D188F9-7698-4A3C-A8BA-640763E2A92F}.Ad-Hoc|iPhone.ActiveCfg = Ad-Hoc|iPhone
		{B9D188F9-7698-4A3C-A8BA-640763E2A92F}.Ad-Hoc|iPhone.Build.0 = Ad-Hoc|iPhone
		{B9D188F9-7698-4A3C-A8BA-640763E2A92F}.Ad-Hoc|iPhone.Deploy.0 = Ad-Hoc|iPhone
		{B9D188F9-7698-4A3C-A8BA-640763E2A92F}.Ad-Hoc|iPhoneSimulator.ActiveCfg = Ad-Hoc|iPhoneSimulator
		{B9D188F9-7698-4A3C-A8BA-640763E2A92F}.Ad-Hoc|iPhoneSimulator.Build.0 = Ad-Hoc|iPhoneSimulator
		{B9D188F9-7698-4A3C-A8BA-640763E2A92F}.Ad-Hoc|iPhoneSimulator.Deploy.0 = Ad-Hoc|iPhoneSimulator
		{B9D188F9-7698-4A3C-A8BA-640763E2A92F}.Ad-Hoc|x64.ActiveCfg = Ad-Hoc|iPhone
		{B9D188F9-7698-4A3C-A8BA-640763E2A92F}.Ad-Hoc|x64.Build.0 = Ad-Hoc|iPhone
		{B9D188F9-7698-4A3C-A8BA-640763E2A92F}.Ad-Hoc|x64.Deploy.0 = Ad-Hoc|iPhone
		{B9D188F9-7698-4A3C-A8BA-640763E2A92F}.Ad-Hoc|x86.ActiveCfg = Ad-Hoc|iPhone
		{B9D188F9-7698-4A3C-A8BA-640763E2A92F}.Ad-Hoc|x86.Build.0 = Ad-Hoc|iPhone
		{B9D188F9-7698-4A3C-A8BA-640763E2A92F}.Ad-Hoc|x86.Deploy.0 = Ad-Hoc|iPhone
		{B9D188F9-7698-4A3C-A8BA-640763E2A92F}.AppStore|Any CPU.ActiveCfg = AppStore|iPhone
		{B9D188F9-7698-4A3C-A8BA-640763E2A92F}.AppStore|Any CPU.Build.0 = AppStore|iPhone
		{B9D188F9-7698-4A3C-A8BA-640763E2A92F}.AppStore|Any CPU.Deploy.0 = AppStore|iPhone
		{B9D188F9-7698-4A3C-A8BA-640763E2A92F}.AppStore|ARM.ActiveCfg = AppStore|iPhone
		{B9D188F9-7698-4A3C-A8BA-640763E2A92F}.AppStore|ARM.Build.0 = AppStore|iPhone
		{B9D188F9-7698-4A3C-A8BA-640763E2A92F}.AppStore|ARM.Deploy.0 = AppStore|iPhone
		{B9D188F9-7698-4A3C-A8BA-640763E2A92F}.AppStore|iPhone.ActiveCfg = AppStore|iPhone
		{B9D188F9-7698-4A3C-A8BA-640763E2A92F}.AppStore|iPhone.Build.0 = AppStore|iPhone
		{B9D188F9-7698-4A3C-A8BA-640763E2A92F}.AppStore|iPhone.Deploy.0 = AppStore|iPhone
		{B9D188F9-7698-4A3C-A8BA-640763E2A92F}.AppStore|iPhoneSimulator.ActiveCfg = AppStore|iPhoneSimulator
		{B9D188F9-7698-4A3C-A8BA-640763E2A92F}.AppStore|iPhoneSimulator.Build.0 = AppStore|iPhoneSimulator
		{B9D188F9-7698-4A3C-A8BA-640763E2A92F}.AppStore|iPhoneSimulator.Deploy.0 = AppStore|iPhoneSimulator
		{B9D188F9-7698-4A3C-A8BA-640763E2A92F}.AppStore|x64.ActiveCfg = AppStore|iPhone
		{B9D188F9-7698-4A3C-A8BA-640763E2A92F}.AppStore|x64.Build.0 = AppStore|iPhone
		{B9D188F9-7698-4A3C-A8BA-640763E2A92F}.AppStore|x64.Deploy.0 = AppStore|iPhone
		{B9D188F9-7698-4A3C-A8BA-640763E2A92F}.AppStore|x86.ActiveCfg = AppStore|iPhone
		{B9D188F9-7698-4A3C-A8BA-640763E2A92F}.AppStore|x86.Build.0 = AppStore|iPhone
		{B9D188F9-7698-4A3C-A8BA-640763E2A92F}.AppStore|x86.Deploy.0 = AppStore|iPhone
		{B9D188F9-7698-4A3C-A8BA-640763E2A92F}.Debug|Any CPU.ActiveCfg = Debug|iPhoneSimulator
		{B9D188F9-7698-4A3C-A8BA-640763E2A92F}.Debug|Any CPU.Build.0 = Debug|iPhoneSimulator
		{B9D188F9-7698-4A3C-A8BA-640763E2A92F}.Debug|Any CPU.Deploy.0 = Debug|iPhoneSimulator
		{B9D188F9-7698-4A3C-A8BA-640763E2A92F}.Debug|ARM.ActiveCfg = Debug|iPhone
		{B9D188F9-7698-4A3C-A8BA-640763E2A92F}.Debug|ARM.Build.0 = Debug|iPhone
		{B9D188F9-7698-4A3C-A8BA-640763E2A92F}.Debug|ARM.Deploy.0 = Debug|iPhone
		{B9D188F9-7698-4A3C-A8BA-640763E2A92F}.Debug|iPhone.ActiveCfg = Debug|iPhone
		{B9D188F9-7698-4A3C-A8BA-640763E2A92F}.Debug|iPhone.Build.0 = Debug|iPhone
		{B9D188F9-7698-4A3C-A8BA-640763E2A92F}.Debug|iPhone.Deploy.0 = Debug|iPhone
		{B9D188F9-7698-4A3C-A8BA-640763E2A92F}.Debug|iPhoneSimulator.ActiveCfg = Debug|iPhoneSimulator
		{B9D188F9-7698-4A3C-A8BA-640763E2A92F}.Debug|iPhoneSimulator.Build.0 = Debug|iPhoneSimulator
		{B9D188F9-7698-4A3C-A8BA-640763E2A92F}.Debug|iPhoneSimulator.Deploy.0 = Debug|iPhoneSimulator
		{B9D188F9-7698-4A3C-A8BA-640763E2A92F}.Debug|x64.ActiveCfg = Debug|iPhone
		{B9D188F9-7698-4A3C-A8BA-640763E2A92F}.Debug|x64.Build.0 = Debug|iPhone
		{B9D188F9-7698-4A3C-A8BA-640763E2A92F}.Debug|x64.Deploy.0 = Debug|iPhone
		{B9D188F9-7698-4A3C-A8BA-640763E2A92F}.Debug|x86.ActiveCfg = Debug|iPhone
		{B9D188F9-7698-4A3C-A8BA-640763E2A92F}.Debug|x86.Build.0 = Debug|iPhone
		{B9D188F9-7698-4A3C-A8BA-640763E2A92F}.Debug|x86.Deploy.0 = Debug|iPhone
		{B9D188F9-7698-4A3C-A8BA-640763E2A92F}.Release|Any CPU.ActiveCfg = Release|iPhone
		{B9D188F9-7698-4A3C-A8BA-640763E2A92F}.Release|Any CPU.Build.0 = Release|iPhone
		{B9D188F9-7698-4A3C-A8BA-640763E2A92F}.Release|Any CPU.Deploy.0 = Release|iPhone
		{B9D188F9-7698-4A3C-A8BA-640763E2A92F}.Release|ARM.ActiveCfg = Release|iPhone
		{B9D188F9-7698-4A3C-A8BA-640763E2A92F}.Release|ARM.Build.0 = Release|iPhone
		{B9D188F9-7698-4A3C-A8BA-640763E2A92F}.Release|ARM.Deploy.0 = Release|iPhone
		{B9D188F9-7698-4A3C-A8BA-640763E2A92F}.Release|iPhone.ActiveCfg = Release|iPhone
		{B9D188F9-7698-4A3C-A8BA-640763E2A92F}.Release|iPhone.Build.0 = Release|iPhone
		{B9D188F9-7698-4A3C-A8BA-640763E2A92F}.Release|iPhone.Deploy.0 = Release|iPhone
		{B9D188F9-7698-4A3C-A8BA-640763E2A92F}.Release|iPhoneSimulator.ActiveCfg = Release|iPhoneSimulator
		{B9D188F9-7698-4A3C-A8BA-640763E2A92F}.Release|iPhoneSimulator.Build.0 = Release|iPhoneSimulator
		{B9D188F9-7698-4A3C-A8BA-640763E2A92F}.Release|iPhoneSimulator.Deploy.0 = Release|iPhoneSimulator
		{B9D188F9-7698-4A3C-A8BA-640763E2A92F}.Release|x64.ActiveCfg = Release|iPhone
		{B9D188F9-7698-4A3C-A8BA-640763E2A92F}.Release|x64.Build.0 = Release|iPhone
		{B9D188F9-7698-4A3C-A8BA-640763E2A92F}.Release|x64.Deploy.0 = Release|iPhone
		{B9D188F9-7698-4A3C-A8BA-640763E2A92F}.Release|x86.ActiveCfg = Release|iPhone
		{B9D188F9-7698-4A3C-A8BA-640763E2A92F}.Release|x86.Build.0 = Release|iPhone
		{B9D188F9-7698-4A3C-A8BA-640763E2A92F}.Release|x86.Deploy.0 = Release|iPhone
		{9349FFA1-9D6E-4FBF-B4D7-1BA984AC21AE}.Ad-Hoc|Any CPU.ActiveCfg = Release|x86
		{9349FFA1-9D6E-4FBF-B4D7-1BA984AC21AE}.Ad-Hoc|Any CPU.Build.0 = Release|x86
		{9349FFA1-9D6E-4FBF-B4D7-1BA984AC21AE}.Ad-Hoc|Any CPU.Deploy.0 = Release|x86
		{9349FFA1-9D6E-4FBF-B4D7-1BA984AC21AE}.Ad-Hoc|ARM.ActiveCfg = Release|ARM
		{9349FFA1-9D6E-4FBF-B4D7-1BA984AC21AE}.Ad-Hoc|ARM.Build.0 = Release|ARM
		{9349FFA1-9D6E-4FBF-B4D7-1BA984AC21AE}.Ad-Hoc|ARM.Deploy.0 = Release|ARM
		{9349FFA1-9D6E-4FBF-B4D7-1BA984AC21AE}.Ad-Hoc|iPhone.ActiveCfg = Release|x86
		{9349FFA1-9D6E-4FBF-B4D7-1BA984AC21AE}.Ad-Hoc|iPhone.Build.0 = Release|x86
		{9349FFA1-9D6E-4FBF-B4D7-1BA984AC21AE}.Ad-Hoc|iPhone.Deploy.0 = Release|x86
		{9349FFA1-9D6E-4FBF-B4D7-1BA984AC21AE}.Ad-Hoc|iPhoneSimulator.ActiveCfg = Release|x86
		{9349FFA1-9D6E-4FBF-B4D7-1BA984AC21AE}.Ad-Hoc|iPhoneSimulator.Build.0 = Release|x86
		{9349FFA1-9D6E-4FBF-B4D7-1BA984AC21AE}.Ad-Hoc|iPhoneSimulator.Deploy.0 = Release|x86
		{9349FFA1-9D6E-4FBF-B4D7-1BA984AC21AE}.Ad-Hoc|x64.ActiveCfg = Release|x64
		{9349FFA1-9D6E-4FBF-B4D7-1BA984AC21AE}.Ad-Hoc|x64.Build.0 = Release|x64
		{9349FFA1-9D6E-4FBF-B4D7-1BA984AC21AE}.Ad-Hoc|x64.Deploy.0 = Release|x64
		{9349FFA1-9D6E-4FBF-B4D7-1BA984AC21AE}.Ad-Hoc|x86.ActiveCfg = Release|x86
		{9349FFA1-9D6E-4FBF-B4D7-1BA984AC21AE}.Ad-Hoc|x86.Build.0 = Release|x86
		{9349FFA1-9D6E-4FBF-B4D7-1BA984AC21AE}.Ad-Hoc|x86.Deploy.0 = Release|x86
		{9349FFA1-9D6E-4FBF-B4D7-1BA984AC21AE}.AppStore|Any CPU.ActiveCfg = Release|x86
		{9349FFA1-9D6E-4FBF-B4D7-1BA984AC21AE}.AppStore|Any CPU.Build.0 = Release|x86
		{9349FFA1-9D6E-4FBF-B4D7-1BA984AC21AE}.AppStore|Any CPU.Deploy.0 = Release|x86
		{9349FFA1-9D6E-4FBF-B4D7-1BA984AC21AE}.AppStore|ARM.ActiveCfg = Release|ARM
		{9349FFA1-9D6E-4FBF-B4D7-1BA984AC21AE}.AppStore|ARM.Build.0 = Release|ARM
		{9349FFA1-9D6E-4FBF-B4D7-1BA984AC21AE}.AppStore|ARM.Deploy.0 = Release|ARM
		{9349FFA1-9D6E-4FBF-B4D7-1BA984AC21AE}.AppStore|iPhone.ActiveCfg = Release|x86
		{9349FFA1-9D6E-4FBF-B4D7-1BA984AC21AE}.AppStore|iPhone.Build.0 = Release|x86
		{9349FFA1-9D6E-4FBF-B4D7-1BA984AC21AE}.AppStore|iPhone.Deploy.0 = Release|x86
		{9349FFA1-9D6E-4FBF-B4D7-1BA984AC21AE}.AppStore|iPhoneSimulator.ActiveCfg = Release|x86
		{9349FFA1-9D6E-4FBF-B4D7-1BA984AC21AE}.AppStore|iPhoneSimulator.Build.0 = Release|x86
		{9349FFA1-9D6E-4FBF-B4D7-1BA984AC21AE}.AppStore|iPhoneSimulator.Deploy.0 = Release|x86
		{9349FFA1-9D6E-4FBF-B4D7-1BA984AC21AE}.AppStore|x64.ActiveCfg = Release|x64
		{9349FFA1-9D6E-4FBF-B4D7-1BA984AC21AE}.AppStore|x64.Build.0 = Release|x64
		{9349FFA1-9D6E-4FBF-B4D7-1BA984AC21AE}.AppStore|x64.Deploy.0 = Release|x64
		{9349FFA1-9D6E-4FBF-B4D7-1BA984AC21AE}.AppStore|x86.ActiveCfg = Release|x86
		{9349FFA1-9D6E-4FBF-B4D7-1BA984AC21AE}.AppStore|x86.Build.0 = Release|x86
		{9349FFA1-9D6E-4FBF-B4D7-1BA984AC21AE}.AppStore|x86.Deploy.0 = Release|x86
		{9349FFA1-9D6E-4FBF-B4D7-1BA984AC21AE}.Debug|Any CPU.ActiveCfg = Debug|x86
		{9349FFA1-9D6E-4FBF-B4D7-1BA984AC21AE}.Debug|Any CPU.Build.0 = Debug|x86
		{9349FFA1-9D6E-4FBF-B4D7-1BA984AC21AE}.Debug|Any CPU.Deploy.0 = Debug|x86
		{9349FFA1-9D6E-4FBF-B4D7-1BA984AC21AE}.Debug|ARM.ActiveCfg = Debug|ARM
		{9349FFA1-9D6E-4FBF-B4D7-1BA984AC21AE}.Debug|ARM.Build.0 = Debug|ARM
		{9349FFA1-9D6E-4FBF-B4D7-1BA984AC21AE}.Debug|ARM.Deploy.0 = Debug|ARM
		{9349FFA1-9D6E-4FBF-B4D7-1BA984AC21AE}.Debug|iPhone.ActiveCfg = Debug|x86
		{9349FFA1-9D6E-4FBF-B4D7-1BA984AC21AE}.Debug|iPhone.Build.0 = Debug|x86
		{9349FFA1-9D6E-4FBF-B4D7-1BA984AC21AE}.Debug|iPhone.Deploy.0 = Debug|x86
		{9349FFA1-9D6E-4FBF-B4D7-1BA984AC21AE}.Debug|iPhoneSimulator.ActiveCfg = Debug|x86
		{9349FFA1-9D6E-4FBF-B4D7-1BA984AC21AE}.Debug|iPhoneSimulator.Build.0 = Debug|x86
		{9349FFA1-9D6E-4FBF-B4D7-1BA984AC21AE}.Debug|iPhoneSimulator.Deploy.0 = Debug|x86
		{9349FFA1-9D6E-4FBF-B4D7-1BA984AC21AE}.Debug|x64.ActiveCfg = Debug|x64
		{9349FFA1-9D6E-4FBF-B4D7-1BA984AC21AE}.Debug|x64.Build.0 = Debug|x64
		{9349FFA1-9D6E-4FBF-B4D7-1BA984AC21AE}.Debug|x64.Deploy.0 = Debug|x64
		{9349FFA1-9D6E-4FBF-B4D7-1BA984AC21AE}.Debug|x86.ActiveCfg = Debug|x86
		{9349FFA1-9D6E-4FBF-B4D7-1BA984AC21AE}.Debug|x86.Build.0 = Debug|x86
		{9349FFA1-9D6E-4FBF-B4D7-1BA984AC21AE}.Debug|x86.Deploy.0 = Debug|x86
		{9349FFA1-9D6E-4FBF-B4D7-1BA984AC21AE}.Release|Any CPU.ActiveCfg = Release|x86
		{9349FFA1-9D6E-4FBF-B4D7-1BA984AC21AE}.Release|Any CPU.Build.0 = Release|x86
		{9349FFA1-9D6E-4FBF-B4D7-1BA984AC21AE}.Release|Any CPU.Deploy.0 = Release|x86
		{9349FFA1-9D6E-4FBF-B4D7-1BA984AC21AE}.Release|ARM.ActiveCfg = Release|ARM
		{9349FFA1-9D6E-4FBF-B4D7-1BA984AC21AE}.Release|ARM.Build.0 = Release|ARM
		{9349FFA1-9D6E-4FBF-B4D7-1BA984AC21AE}.Release|ARM.Deploy.0 = Release|ARM
		{9349FFA1-9D6E-4FBF-B4D7-1BA984AC21AE}.Release|iPhone.ActiveCfg = Release|x86
		{9349FFA1-9D6E-4FBF-B4D7-1BA984AC21AE}.Release|iPhone.Build.0 = Release|x86
		{9349FFA1-9D6E-4FBF-B4D7-1BA984AC21AE}.Release|iPhone.Deploy.0 = Release|x86
		{9349FFA1-9D6E-4FBF-B4D7-1BA984AC21AE}.Release|iPhoneSimulator.ActiveCfg = Release|x86
		{9349FFA1-9D6E-4FBF-B4D7-1BA984AC21AE}.Release|iPhoneSimulator.Build.0 = Release|x86
		{9349FFA1-9D6E-4FBF-B4D7-1BA984AC21AE}.Release|iPhoneSimulator.Deploy.0 = Release|x86
		{9349FFA1-9D6E-4FBF-B4D7-1BA984AC21AE}.Release|x64.ActiveCfg = Release|x64
		{9349FFA1-9D6E-4FBF-B4D7-1BA984AC21AE}.Release|x64.Build.0 = Release|x64
		{9349FFA1-9D6E-4FBF-B4D7-1BA984AC21AE}.Release|x64.Deploy.0 = Release|x64
		{9349FFA1-9D6E-4FBF-B4D7-1BA984AC21AE}.Release|x86.ActiveCfg = Release|x86
		{9349FFA1-9D6E-4FBF-B4D7-1BA984AC21AE}.Release|x86.Build.0 = Release|x86
		{9349FFA1-9D6E-4FBF-B4D7-1BA984AC21AE}.Release|x86.Deploy.0 = Release|x86
		{FB584AB4-B046-4DB0-93B4-344337A296A4}.Ad-Hoc|Any CPU.ActiveCfg = Debug|Any CPU
		{FB584AB4-B046-4DB0-93B4-344337A296A4}.Ad-Hoc|Any CPU.Build.0 = Debug|Any CPU
		{FB584AB4-B046-4DB0-93B4-344337A296A4}.Ad-Hoc|Any CPU.Deploy.0 = Debug|Any CPU
		{FB584AB4-B046-4DB0-93B4-344337A296A4}.Ad-Hoc|ARM.ActiveCfg = Debug|Any CPU
		{FB584AB4-B046-4DB0-93B4-344337A296A4}.Ad-Hoc|ARM.Build.0 = Debug|Any CPU
		{FB584AB4-B046-4DB0-93B4-344337A296A4}.Ad-Hoc|ARM.Deploy.0 = Debug|Any CPU
		{FB584AB4-B046-4DB0-93B4-344337A296A4}.Ad-Hoc|iPhone.ActiveCfg = Debug|Any CPU
		{FB584AB4-B046-4DB0-93B4-344337A296A4}.Ad-Hoc|iPhone.Build.0 = Debug|Any CPU
		{FB584AB4-B046-4DB0-93B4-344337A296A4}.Ad-Hoc|iPhone.Deploy.0 = Debug|Any CPU
		{FB584AB4-B046-4DB0-93B4-344337A296A4}.Ad-Hoc|iPhoneSimulator.ActiveCfg = Debug|Any CPU
		{FB584AB4-B046-4DB0-93B4-344337A296A4}.Ad-Hoc|iPhoneSimulator.Build.0 = Debug|Any CPU
		{FB584AB4-B046-4DB0-93B4-344337A296A4}.Ad-Hoc|iPhoneSimulator.Deploy.0 = Debug|Any CPU
		{FB584AB4-B046-4DB0-93B4-344337A296A4}.Ad-Hoc|x64.ActiveCfg = Debug|Any CPU
		{FB584AB4-B046-4DB0-93B4-344337A296A4}.Ad-Hoc|x64.Build.0 = Debug|Any CPU
		{FB584AB4-B046-4DB0-93B4-344337A296A4}.Ad-Hoc|x64.Deploy.0 = Debug|Any CPU
		{FB584AB4-B046-4DB0-93B4-344337A296A4}.Ad-Hoc|x86.ActiveCfg = Debug|Any CPU
		{FB584AB4-B046-4DB0-93B4-344337A296A4}.Ad-Hoc|x86.Build.0 = Debug|Any CPU
		{FB584AB4-B046-4DB0-93B4-344337A296A4}.Ad-Hoc|x86.Deploy.0 = Debug|Any CPU
		{FB584AB4-B046-4DB0-93B4-344337A296A4}.AppStore|Any CPU.ActiveCfg = Debug|Any CPU
		{FB584AB4-B046-4DB0-93B4-344337A296A4}.AppStore|Any CPU.Build.0 = Debug|Any CPU
		{FB584AB4-B046-4DB0-93B4-344337A296A4}.AppStore|Any CPU.Deploy.0 = Debug|Any CPU
		{FB584AB4-B046-4DB0-93B4-344337A296A4}.AppStore|ARM.ActiveCfg = Debug|Any CPU
		{FB584AB4-B046-4DB0-93B4-344337A296A4}.AppStore|ARM.Build.0 = Debug|Any CPU
		{FB584AB4-B046-4DB0-93B4-344337A296A4}.AppStore|ARM.Deploy.0 = Debug|Any CPU
		{FB584AB4-B046-4DB0-93B4-344337A296A4}.AppStore|iPhone.ActiveCfg = Debug|Any CPU
		{FB584AB4-B046-4DB0-93B4-344337A296A4}.AppStore|iPhone.Build.0 = Debug|Any CPU
		{FB584AB4-B046-4DB0-93B4-344337A296A4}.AppStore|iPhone.Deploy.0 = Debug|Any CPU
		{FB584AB4-B046-4DB0-93B4-344337A296A4}.AppStore|iPhoneSimulator.ActiveCfg = Debug|Any CPU
		{FB584AB4-B046-4DB0-93B4-344337A296A4}.AppStore|iPhoneSimulator.Build.0 = Debug|Any CPU
		{FB584AB4-B046-4DB0-93B4-344337A296A4}.AppStore|iPhoneSimulator.Deploy.0 = Debug|Any CPU
		{FB584AB4-B046-4DB0-93B4-344337A296A4}.AppStore|x64.ActiveCfg = Debug|Any CPU
		{FB584AB4-B046-4DB0-93B4-344337A296A4}.AppStore|x64.Build.0 = Debug|Any CPU
		{FB584AB4-B046-4DB0-93B4-344337A296A4}.AppStore|x64.Deploy.0 = Debug|Any CPU
		{FB584AB4-B046-4DB0-93B4-344337A296A4}.AppStore|x86.ActiveCfg = Debug|Any CPU
		{FB584AB4-B046-4DB0-93B4-344337A296A4}.AppStore|x86.Build.0 = Debug|Any CPU
		{FB584AB4-B046-4DB0-93B4-344337A296A4}.AppStore|x86.Deploy.0 = Debug|Any CPU
		{FB584AB4-B046-4DB0-93B4-344337A296A4}.Debug|Any CPU.ActiveCfg = Debug|Any CPU
		{FB584AB4-B046-4DB0-93B4-344337A296A4}.Debug|Any CPU.Build.0 = Debug|Any CPU
		{FB584AB4-B046-4DB0-93B4-344337A296A4}.Debug|Any CPU.Deploy.0 = Debug|Any CPU
		{FB584AB4-B046-4DB0-93B4-344337A296A4}.Debug|ARM.ActiveCfg = Debug|Any CPU
		{FB584AB4-B046-4DB0-93B4-344337A296A4}.Debug|ARM.Build.0 = Debug|Any CPU
		{FB584AB4-B046-4DB0-93B4-344337A296A4}.Debug|ARM.Deploy.0 = Debug|Any CPU
		{FB584AB4-B046-4DB0-93B4-344337A296A4}.Debug|iPhone.ActiveCfg = Debug|Any CPU
		{FB584AB4-B046-4DB0-93B4-344337A296A4}.Debug|iPhone.Build.0 = Debug|Any CPU
		{FB584AB4-B046-4DB0-93B4-344337A296A4}.Debug|iPhone.Deploy.0 = Debug|Any CPU
		{FB584AB4-B046-4DB0-93B4-344337A296A4}.Debug|iPhoneSimulator.ActiveCfg = Debug|Any CPU
		{FB584AB4-B046-4DB0-93B4-344337A296A4}.Debug|iPhoneSimulator.Build.0 = Debug|Any CPU
		{FB584AB4-B046-4DB0-93B4-344337A296A4}.Debug|iPhoneSimulator.Deploy.0 = Debug|Any CPU
		{FB584AB4-B046-4DB0-93B4-344337A296A4}.Debug|x64.ActiveCfg = Debug|Any CPU
		{FB584AB4-B046-4DB0-93B4-344337A296A4}.Debug|x64.Build.0 = Debug|Any CPU
		{FB584AB4-B046-4DB0-93B4-344337A296A4}.Debug|x64.Deploy.0 = Debug|Any CPU
		{FB584AB4-B046-4DB0-93B4-344337A296A4}.Debug|x86.ActiveCfg = Debug|Any CPU
		{FB584AB4-B046-4DB0-93B4-344337A296A4}.Debug|x86.Build.0 = Debug|Any CPU
		{FB584AB4-B046-4DB0-93B4-344337A296A4}.Debug|x86.Deploy.0 = Debug|Any CPU
		{FB584AB4-B046-4DB0-93B4-344337A296A4}.Release|Any CPU.ActiveCfg = Release|Any CPU
		{FB584AB4-B046-4DB0-93B4-344337A296A4}.Release|Any CPU.Build.0 = Release|Any CPU
		{FB584AB4-B046-4DB0-93B4-344337A296A4}.Release|Any CPU.Deploy.0 = Release|Any CPU
		{FB584AB4-B046-4DB0-93B4-344337A296A4}.Release|ARM.ActiveCfg = Release|Any CPU
		{FB584AB4-B046-4DB0-93B4-344337A296A4}.Release|ARM.Build.0 = Release|Any CPU
		{FB584AB4-B046-4DB0-93B4-344337A296A4}.Release|ARM.Deploy.0 = Release|Any CPU
		{FB584AB4-B046-4DB0-93B4-344337A296A4}.Release|iPhone.ActiveCfg = Release|Any CPU
		{FB584AB4-B046-4DB0-93B4-344337A296A4}.Release|iPhone.Build.0 = Release|Any CPU
		{FB584AB4-B046-4DB0-93B4-344337A296A4}.Release|iPhone.Deploy.0 = Release|Any CPU
		{FB584AB4-B046-4DB0-93B4-344337A296A4}.Release|iPhoneSimulator.ActiveCfg = Release|Any CPU
		{FB584AB4-B046-4DB0-93B4-344337A296A4}.Release|iPhoneSimulator.Build.0 = Release|Any CPU
		{FB584AB4-B046-4DB0-93B4-344337A296A4}.Release|iPhoneSimulator.Deploy.0 = Release|Any CPU
		{FB584AB4-B046-4DB0-93B4-344337A296A4}.Release|x64.ActiveCfg = Release|Any CPU
		{FB584AB4-B046-4DB0-93B4-344337A296A4}.Release|x64.Build.0 = Release|Any CPU
		{FB584AB4-B046-4DB0-93B4-344337A296A4}.Release|x64.Deploy.0 = Release|Any CPU
		{FB584AB4-B046-4DB0-93B4-344337A296A4}.Release|x86.ActiveCfg = Release|Any CPU
		{FB584AB4-B046-4DB0-93B4-344337A296A4}.Release|x86.Build.0 = Release|Any CPU
		{FB584AB4-B046-4DB0-93B4-344337A296A4}.Release|x86.Deploy.0 = Release|Any CPU
	EndGlobalSection
	GlobalSection(SolutionProperties) = preSolution
		HideSolutionNode = FALSE
	EndGlobalSection
	GlobalSection(ExtensibilityGlobals) = postSolution
		SolutionGuid = {56E9171D-A72A-466B-9D85-DBBF67D6906E}
	EndGlobalSection
EndGlobal
